<?xml version="1.0" encoding="utf-8"?>
<Project ToolsVersion="4.0" xmlns="http://schemas.microsoft.com/developer/msbuild/2003">
  <ItemGroup>
    <Filter Include="Source Files">
      <UniqueIdentifier>{4FC737F1-C7A5-4376-A066-2A32D752A2FF}</UniqueIdentifier>
      <Extensions>cpp;c;cc;cxx;c++;def;odl;idl;hpj;bat;asm;asmx</Extensions>
    </Filter>
    <Filter Include="Header Files">
      <UniqueIdentifier>{93995380-89BD-4b04-88EB-625FBE52EBFB}</UniqueIdentifier>
      <Extensions>h;hh;hpp;hxx;h++;hm;inl;inc;ipp;xsd</Extensions>
    </Filter>
    <Filter Include="Resource Files">
      <UniqueIdentifier>{67DA6AB6-F800-4c08-8B7A-83BB121AAD01}</UniqueIdentifier>
      <Extensions>rc;ico;cur;bmp;dlg;rc2;rct;bin;rgs;gif;jpg;jpeg;jpe;resx;tiff;tif;png;wav;mfcribbon-ms</Extensions>
    </Filter>
  </ItemGroup>
  <ItemGroup>
    <ClCompile Include="src\app.c">
      <Filter>Source Files</Filter>
    </ClCompile>
    <ClCompile Include="src\camera.c">
      <Filter>Source Files</Filter>
    </ClCompile>
    <ClCompile Include="src\file_handler.c">
      <Filter>Source Files</Filter>
    </ClCompile>
    <ClCompile Include="src\game_time.c">
      <Filter>Source Files</Filter>
    </ClCompile>
    <ClCompile Include="src\glad.c">
      <Filter>Source Files</Filter>
    </ClCompile>
    <ClCompile Include="src\main.c">
      <Filter>Source Files</Filter>
    </ClCompile>
    <ClCompile Include="src\object_data.c">
      <Filter>Source Files</Filter>
    </ClCompile>
    <ClCompile Include="src\shader.c">
      <Filter>Source Files</Filter>
    </ClCompile>
    <ClCompile Include="src\window.c">
      <Filter>Source Files</Filter>
    </ClCompile>
    <ClCompile Include="src\editor_ui.c">
      <Filter>Source Files</Filter>
    </ClCompile>
    <ClCompile Include="src\renderer.c">
      <Filter>Source Files</Filter>
    </ClCompile>
    <ClCompile Include="src\input.c">
      <Filter>Source Files</Filter>
    </ClCompile>
    <ClCompile Include="src\str_util.c">
      <Filter>Source Files</Filter>
    </ClCompile>
    <ClCompile Include="src\asset_manager.c">
      <Filter>Source Files</Filter>
    </ClCompile>
    <ClCompile Include="src\framebuffer.c">
      <Filter>Source Files</Filter>
    </ClCompile>
    <ClCompile Include="src\gravity_script.c">
      <Filter>Source Files</Filter>
    </ClCompile>
    <ClCompile Include="src\gravity_interface.c">
      <Filter>Source Files</Filter>
    </ClCompile>
    <ClCompile Include="src\tinyfiledialogs.c">
      <Filter>Source Files</Filter>
    </ClCompile>
    <ClCompile Include="src\serialization.c">
      <Filter>Source Files</Filter>
    </ClCompile>
    <ClCompile Include="src\scene_manager.c">
      <Filter>Source Files</Filter>
    </ClCompile>
    <ClCompile Include="src\entities.c">
      <Filter>Source Files</Filter>
    </ClCompile>
    <ClCompile Include="src\gravity_interface_ui.c">
      <Filter>Source Files</Filter>
    </ClCompile>
  </ItemGroup>
  <ItemGroup>
    <ClInclude Include="src\app.h">
      <Filter>Header Files</Filter>
    </ClInclude>
    <ClInclude Include="src\camera.h">
      <Filter>Header Files</Filter>
    </ClInclude>
    <ClInclude Include="src\file_handler.h">
      <Filter>Header Files</Filter>
    </ClInclude>
    <ClInclude Include="src\game_time.h">
      <Filter>Header Files</Filter>
    </ClInclude>
    <ClInclude Include="src\global.h">
      <Filter>Header Files</Filter>
    </ClInclude>
    <ClInclude Include="src\object_data.h">
      <Filter>Header Files</Filter>
    </ClInclude>
    <ClInclude Include="src\shader.h">
      <Filter>Header Files</Filter>
    </ClInclude>
    <ClInclude Include="src\window.h">
      <Filter>Header Files</Filter>
    </ClInclude>
    <ClInclude Include="external\fastobj\fast_obj.h">
      <Filter>Header Files</Filter>
    </ClInclude>
    <ClInclude Include="src\editor_ui.h">
      <Filter>Header Files</Filter>
    </ClInclude>
    <ClInclude Include="src\renderer.h">
      <Filter>Header Files</Filter>
    </ClInclude>
    <ClInclude Include="src\input.h">
      <Filter>Header Files</Filter>
    </ClInclude>
    <ClInclude Include="src\str_util.h">
      <Filter>Header Files</Filter>
    </ClInclude>
    <ClInclude Include="src\asset_manager.h">
      <Filter>Header Files</Filter>
    </ClInclude>
    <ClInclude Include="src\framebuffer.h">
      <Filter>Header Files</Filter>
    </ClInclude>
    <ClInclude Include="src\gravity_script.h">
      <Filter>Header Files</Filter>
    </ClInclude>
    <ClInclude Include="src\gravity_interface.h">
      <Filter>Header Files</Filter>
    </ClInclude>
    <ClInclude Include="src\serialization.h">
      <Filter>Header Files</Filter>
    </ClInclude>
    <ClInclude Include="src\scene_manager.h">
      <Filter>Header Files</Filter>
    </ClInclude>
    <ClInclude Include="src\entities.h">
      <Filter>Header Files</Filter>
    </ClInclude>
    <ClInclude Include="src\gravity_interface_ui.h">
      <Filter>Header Files</Filter>
    </ClInclude>
  </ItemGroup>
  <ItemGroup>
    <None Include="assets\shaders\blinn_phong.frag">
      <Filter>Resource Files</Filter>
    </None>
    <None Include="assets\shaders\basic.frag">
      <Filter>Resource Files</Filter>
    </None>
    <None Include="assets\shaders\basic.vert">
      <Filter>Resource Files</Filter>
    </None>
  </ItemGroup>
</Project>