<?xml version="1.0" encoding="utf-8"?>
<Project ToolsVersion="4.0" xmlns="http://schemas.microsoft.com/developer/msbuild/2003">
  <ItemGroup>
    <Filter Include="Source Files">
      <UniqueIdentifier>{4FC737F1-C7A5-4376-A066-2A32D752A2FF}</UniqueIdentifier>
      <Extensions>cpp;c;cc;cxx;c++;def;odl;idl;hpj;bat;asm;asmx</Extensions>
    </Filter>
    <Filter Include="Header Files">
      <UniqueIdentifier>{93995380-89BD-4b04-88EB-625FBE52EBFB}</UniqueIdentifier>
      <Extensions>h;hh;hpp;hxx;h++;hm;inl;inc;ipp;xsd</Extensions>
    </Filter>
    <Filter Include="Resource Files">
      <UniqueIdentifier>{67DA6AB6-F800-4c08-8B7A-83BB121AAD01}</UniqueIdentifier>
      <Extensions>rc;ico;cur;bmp;dlg;rc2;rct;bin;rgs;gif;jpg;jpeg;jpe;resx;tiff;tif;png;wav;mfcribbon-ms</Extensions>
    </Filter>
  </ItemGroup>
  <ItemGroup>
    <ClCompile Include="src\app.c">
      <Filter>Source Files</Filter>
    </ClCompile>
    <ClCompile Include="src\game_time.c">
      <Filter>Source Files</Filter>
    </ClCompile>
    <ClCompile Include="src\main.c">
      <Filter>Source Files</Filter>
    </ClCompile>
    <ClCompile Include="src\editor_ui.c">
      <Filter>Source Files</Filter>
    </ClCompile>
    <ClCompile Include="src\renderer.c">
      <Filter>Source Files</Filter>
    </ClCompile>
    <ClCompile Include="src\input.c">
      <Filter>Source Files</Filter>
    </ClCompile>
    <ClCompile Include="src\scene_manager.c">
      <Filter>Source Files</Filter>
    </ClCompile>
    <ClCompile Include="src\script\gravity_interface.c">
      <Filter>Source Files</Filter>
    </ClCompile>
    <ClCompile Include="src\script\gravity_interface_ui.c">
      <Filter>Source Files</Filter>
    </ClCompile>
    <ClCompile Include="src\script\gravity_script.c">
      <Filter>Source Files</Filter>
    </ClCompile>
    <ClCompile Include="src\external_c\glad.c">
      <Filter>Source Files</Filter>
    </ClCompile>
    <ClCompile Include="src\external_c\tinyfiledialogs.c">
      <Filter>Source Files</Filter>
    </ClCompile>
    <ClCompile Include="src\files\asset_manager.c">
      <Filter>Source Files</Filter>
    </ClCompile>
    <ClCompile Include="src\files\file_handler.c">
      <Filter>Source Files</Filter>
    </ClCompile>
    <ClCompile Include="src\files\serialization.c">
      <Filter>Source Files</Filter>
    </ClCompile>
    <ClCompile Include="src\types\camera.c">
      <Filter>Source Files</Filter>
    </ClCompile>
    <ClCompile Include="src\types\entities.c">
      <Filter>Source Files</Filter>
    </ClCompile>
    <ClCompile Include="src\types\framebuffer.c">
      <Filter>Source Files</Filter>
    </ClCompile>
    <ClCompile Include="src\types\object_data.c">
      <Filter>Source Files</Filter>
    </ClCompile>
    <ClCompile Include="src\window.c">
      <Filter>Source Files</Filter>
    </ClCompile>
    <ClCompile Include="src\physics\physics.c">
      <Filter>Source Files</Filter>
    </ClCompile>
    <ClCompile Include="src\physics\phys_collision.c">
      <Filter>Source Files</Filter>
    </ClCompile>
    <ClCompile Include="src\physics\phys_dynamics.c">
      <Filter>Source Files</Filter>
    </ClCompile>
    <ClCompile Include="src\physics\phys_response.c">
      <Filter>Source Files</Filter>
    </ClCompile>
    <ClCompile Include="src\types\shader.c">
      <Filter>Source Files</Filter>
    </ClCompile>
    <ClCompile Include="src\util\str_util.c">
      <Filter>Source Files</Filter>
    </ClCompile>
    <ClCompile Include="src\util\debug_util.c">
      <Filter>Source Files</Filter>
    </ClCompile>
  </ItemGroup>
  <ItemGroup>
    <ClInclude Include="src\app.h">
      <Filter>Header Files</Filter>
    </ClInclude>
    <ClInclude Include="src\game_time.h">
      <Filter>Header Files</Filter>
    </ClInclude>
    <ClInclude Include="src\global.h">
      <Filter>Header Files</Filter>
    </ClInclude>
    <ClInclude Include="external\fastobj\fast_obj.h">
      <Filter>Header Files</Filter>
    </ClInclude>
    <ClInclude Include="src\editor_ui.h">
      <Filter>Header Files</Filter>
    </ClInclude>
    <ClInclude Include="src\renderer.h">
      <Filter>Header Files</Filter>
    </ClInclude>
    <ClInclude Include="src\input.h">
      <Filter>Header Files</Filter>
    </ClInclude>
    <ClInclude Include="src\scene_manager.h">
      <Filter>Header Files</Filter>
    </ClInclude>
    <ClInclude Include="src\script\gravity_interface.h">
      <Filter>Header Files</Filter>
    </ClInclude>
    <ClInclude Include="src\script\gravity_interface_ui.h">
      <Filter>Header Files</Filter>
    </ClInclude>
    <ClInclude Include="src\script\gravity_script.h">
      <Filter>Header Files</Filter>
    </ClInclude>
    <ClInclude Include="src\files\file_handler.h">
      <Filter>Header Files</Filter>
    </ClInclude>
    <ClInclude Include="src\files\asset_manager.h">
      <Filter>Header Files</Filter>
    </ClInclude>
    <ClInclude Include="src\files\serialization.h">
      <Filter>Header Files</Filter>
    </ClInclude>
    <ClInclude Include="src\types\camera.h">
      <Filter>Header Files</Filter>
    </ClInclude>
    <ClInclude Include="src\types\entities.h">
      <Filter>Header Files</Filter>
    </ClInclude>
    <ClInclude Include="src\types\framebuffer.h">
      <Filter>Header Files</Filter>
    </ClInclude>
    <ClInclude Include="src\types\object_data.h">
      <Filter>Header Files</Filter>
    </ClInclude>
    <ClInclude Include="src\window.h">
      <Filter>Header Files</Filter>
    </ClInclude>
    <ClInclude Include="src\physics\physics.h">
      <Filter>Header Files</Filter>
    </ClInclude>
    <ClInclude Include="src\physics\phys_types.h">
      <Filter>Header Files</Filter>
    </ClInclude>
    <ClInclude Include="src\physics\phys_collision.h">
      <Filter>Header Files</Filter>
    </ClInclude>
    <ClInclude Include="src\physics\phys_dynamics.h">
      <Filter>Header Files</Filter>
    </ClInclude>
    <ClInclude Include="src\physics\phys_response.h">
      <Filter>Header Files</Filter>
    </ClInclude>
    <ClInclude Include="src\types\shader.h">
      <Filter>Header Files</Filter>
    </ClInclude>
    <ClInclude Include="src\util\str_util.h">
      <Filter>Header Files</Filter>
    </ClInclude>
    <ClInclude Include="src\util\ui_util.h">
      <Filter>Header Files</Filter>
    </ClInclude>
    <ClInclude Include="src\util\debug_util.h">
      <Filter>Header Files</Filter>
    </ClInclude>
    <ClInclude Include="rc\resource.h">
      <Filter>Header Files</Filter>
    </ClInclude>
  </ItemGroup>
  <ItemGroup>
    <None Include="assets\shaders\blinn_phong.frag">
      <Filter>Resource Files</Filter>
    </None>
    <None Include="assets\shaders\basic.frag">
      <Filter>Resource Files</Filter>
    </None>
    <None Include="assets\shaders\basic.vert">
      <Filter>Resource Files</Filter>
    </None>
    <None Include="rc\BeeEngine.aps" />
  </ItemGroup>
  <ItemGroup>
    <Image Include="assets\#internal\icons\bee_engine_logo_blue.ico">
      <Filter>Resource Files</Filter>
    </Image>
  </ItemGroup>
  <ItemGroup>
    <ResourceCompile Include="rc\BeeEngine.rc">
      <Filter>Resource Files</Filter>
    </ResourceCompile>
  </ItemGroup>
</Project>